
Microsoft Visual Studio Solution File, Format Version 12.00
# Visual Studio 2013
VisualStudioVersion = 12.0.31101.0
MinimumVisualStudioVersion = 10.0.40219.1
Project("{FAE04EC0-301F-11D3-BF4B-00C04F79EFBC}") = "Core", "Core\Core.csproj", "{51F39EC2-6FE3-4AD3-A89B-5CE1D701FD91}"
EndProject
Project("{FAE04EC0-301F-11D3-BF4B-00C04F79EFBC}") = "Presentation2", "Presentation\Presentation2.csproj", "{3C156E5B-2FAC-4EE4-BC55-C3CA96E0EEBF}"
EndProject
Project("{FAE04EC0-301F-11D3-BF4B-00C04F79EFBC}") = "Commons.Entities", "Commons.Entities\Commons.Entities.csproj", "{69EC6837-BED7-4A84-83DE-AA0B157E59B2}"
EndProject
Project("{FAE04EC0-301F-11D3-BF4B-00C04F79EFBC}") = "Data", "Data\Data.csproj", "{7F1A3540-0775-4621-82B8-C0D82382E7AD}"
EndProject
Project("{FAE04EC0-301F-11D3-BF4B-00C04F79EFBC}") = "Web.Presentation", "Web.Presentation\Web.Presentation.csproj", "{35BBE6E7-8087-4CA9-8F1E-9EA05EDA5B71}"
EndProject
Global
	GlobalSection(SolutionConfigurationPlatforms) = preSolution
		Debug|Any CPU = Debug|Any CPU
		Release|Any CPU = Release|Any CPU
	EndGlobalSection
	GlobalSection(ProjectConfigurationPlatforms) = postSolution
		{51F39EC2-6FE3-4AD3-A89B-5CE1D701FD91}.Debug|Any CPU.ActiveCfg = Debug|Any CPU
		{51F39EC2-6FE3-4AD3-A89B-5CE1D701FD91}.Debug|Any CPU.Build.0 = Debug|Any CPU
		{51F39EC2-6FE3-4AD3-A89B-5CE1D701FD91}.Release|Any CPU.ActiveCfg = Release|Any CPU
		{51F39EC2-6FE3-4AD3-A89B-5CE1D701FD91}.Release|Any CPU.Build.0 = Release|Any CPU
		{3C156E5B-2FAC-4EE4-BC55-C3CA96E0EEBF}.Debug|Any CPU.ActiveCfg = Debug|Any CPU
		{3C156E5B-2FAC-4EE4-BC55-C3CA96E0EEBF}.Debug|Any CPU.Build.0 = Debug|Any CPU
		{3C156E5B-2FAC-4EE4-BC55-C3CA96E0EEBF}.Release|Any CPU.ActiveCfg = Release|Any CPU
		{3C156E5B-2FAC-4EE4-BC55-C3CA96E0EEBF}.Release|Any CPU.Build.0 = Release|Any CPU
		{69EC6837-BED7-4A84-83DE-AA0B157E59B2}.Debug|Any CPU.ActiveCfg = Debug|Any CPU
		{69EC6837-BED7-4A84-83DE-AA0B157E59B2}.Debug|Any CPU.Build.0 = Debug|Any CPU
		{69EC6837-BED7-4A84-83DE-AA0B157E59B2}.Release|Any CPU.ActiveCfg = Release|Any CPU
		{69EC6837-BED7-4A84-83DE-AA0B157E59B2}.Release|Any CPU.Build.0 = Release|Any CPU
		{7F1A3540-0775-4621-82B8-C0D82382E7AD}.Debug|Any CPU.ActiveCfg = Debug|Any CPU
		{7F1A3540-0775-4621-82B8-C0D82382E7AD}.Debug|Any CPU.Build.0 = Debug|Any CPU
		{7F1A3540-0775-4621-82B8-C0D82382E7AD}.Release|Any CPU.ActiveCfg = Release|Any CPU
		{7F1A3540-0775-4621-82B8-C0D82382E7AD}.Release|Any CPU.Build.0 = Release|Any CPU
		{35BBE6E7-8087-4CA9-8F1E-9EA05EDA5B71}.Debug|Any CPU.ActiveCfg = Debug|Any CPU
		{35BBE6E7-8087-4CA9-8F1E-9EA05EDA5B71}.Debug|Any CPU.Build.0 = Debug|Any CPU
		{35BBE6E7-8087-4CA9-8F1E-9EA05EDA5B71}.Release|Any CPU.ActiveCfg = Release|Any CPU
		{35BBE6E7-8087-4CA9-8F1E-9EA05EDA5B71}.Release|Any CPU.Build.0 = Release|Any CPU
	EndGlobalSection
	GlobalSection(SolutionProperties) = preSolution
		HideSolutionNode = FALSE
	EndGlobalSection
EndGlobal
